{
  "name": "app_contato",
  "version": "1.0.0",
  "lockfileVersion": 1,
  "requires": true,
  "dependencies": {
    "bootstrap-icons": {
      "version": "1.0.0-alpha2",
      "resolved": "https://registry.npmjs.org/bootstrap-icons/-/bootstrap-icons-1.0.0-alpha2.tgz",
      "integrity": "sha512-7Tsip8n6GX0zoMm3l5eHWFYynq9CX8QlnWEJ1O42GwtwKOcc4bNZTW1tdhGGS+Q6oSgpTvvi08fZkdyfrqPp2w=="
    },
    "material-design-icons": {
      "version": "3.0.1",
      "resolved": "https://registry.npmjs.org/material-design-icons/-/material-design-icons-3.0.1.tgz",
      "integrity": "sha1-mnHEh0chjrylHlGmbaaCA4zct78="
    }
  }
}
